
Microsoft Visual Studio Solution File, Format Version 12.00
# Visual Studio Version 17
VisualStudioVersion = 17.8.34330.188
MinimumVisualStudioVersion = 10.0.40219.1
Project("{FAE04EC0-301F-11D3-BF4B-00C04F79EFBC}") = "SistemaMotos", "SistemaMotos\SistemaMotos.csproj", "{22116C1B-7FDE-46F8-B8CD-CE8EF6C92BF2}"
EndProject
Global
	GlobalSection(SolutionConfigurationPlatforms) = preSolution
		Debug|Any CPU = Debug|Any CPU
		Release|Any CPU = Release|Any CPU
	EndGlobalSection
	GlobalSection(ProjectConfigurationPlatforms) = postSolution
		{22116C1B-7FDE-46F8-B8CD-CE8EF6C92BF2}.Debug|Any CPU.ActiveCfg = Debug|Any CPU
		{22116C1B-7FDE-46F8-B8CD-CE8EF6C92BF2}.Debug|Any CPU.Build.0 = Debug|Any CPU
		{22116C1B-7FDE-46F8-B8CD-CE8EF6C92BF2}.Release|Any CPU.ActiveCfg = Release|Any CPU
		{22116C1B-7FDE-46F8-B8CD-CE8EF6C92BF2}.Release|Any CPU.Build.0 = Release|Any CPU
	EndGlobalSection
	GlobalSection(SolutionProperties) = preSolution
		HideSolutionNode = FALSE
	EndGlobalSection
	GlobalSection(ExtensibilityGlobals) = postSolution
		SolutionGuid = {6C13CE44-438E-4150-896C-F05EA881AB5F}
	EndGlobalSection
EndGlobal
